
Microsoft Visual Studio Solution File, Format Version 9.00
# Visual Studio 2005
Project("{FAE04EC0-301F-11D3-BF4B-00C04F79EFBC}") = "KalServer", "KalServer.csproj", "{B454E0FA-0FDF-429E-A7D5-40E464CEF831}"
EndProject
Global
	GlobalSection(SolutionConfigurationPlatforms) = preSolution
		Debug|Any CPU = Debug|Any CPU
		Release|Any CPU = Release|Any CPU
	EndGlobalSection
	GlobalSection(ProjectConfigurationPlatforms) = postSolution
		{B454E0FA-0FDF-429E-A7D5-40E464CEF831}.Debug|Any CPU.ActiveCfg = Debug|Any CPU
		{B454E0FA-0FDF-429E-A7D5-40E464CEF831}.Debug|Any CPU.Build.0 = Debug|Any CPU
		{B454E0FA-0FDF-429E-A7D5-40E464CEF831}.Release|Any CPU.ActiveCfg = Release|Any CPU
		{B454E0FA-0FDF-429E-A7D5-40E464CEF831}.Release|Any CPU.Build.0 = Release|Any CPU
	EndGlobalSection
	GlobalSection(SolutionProperties) = preSolution
		HideSolutionNode = FALSE
	EndGlobalSection
EndGlobal
