
Microsoft Visual Studio Solution File, Format Version 9.00
# Visual C# Express 2005
Project("{FAE04EC0-301F-11D3-BF4B-00C04F79EFBC}") = "SharpCrypt", "SharpCrypt\SharpCrypt.csproj", "{F8A9AB3D-1439-4649-BA78-E175E81C61C7}"
EndProject
Project("{FAE04EC0-301F-11D3-BF4B-00C04F79EFBC}") = "SwordCrypt", "SwordCrypt\SwordCrypt.csproj", "{3F8264CE-0650-4A3B-8A52-5F59AEF7D053}"
EndProject
Global
	GlobalSection(SolutionConfigurationPlatforms) = preSolution
		Debug|Any CPU = Debug|Any CPU
		Release|Any CPU = Release|Any CPU
	EndGlobalSection
	GlobalSection(ProjectConfigurationPlatforms) = postSolution
		{F8A9AB3D-1439-4649-BA78-E175E81C61C7}.Debug|Any CPU.ActiveCfg = Debug|Any CPU
		{F8A9AB3D-1439-4649-BA78-E175E81C61C7}.Debug|Any CPU.Build.0 = Debug|Any CPU
		{F8A9AB3D-1439-4649-BA78-E175E81C61C7}.Release|Any CPU.ActiveCfg = Release|Any CPU
		{F8A9AB3D-1439-4649-BA78-E175E81C61C7}.Release|Any CPU.Build.0 = Release|Any CPU
		{3F8264CE-0650-4A3B-8A52-5F59AEF7D053}.Debug|Any CPU.ActiveCfg = Debug|Any CPU
		{3F8264CE-0650-4A3B-8A52-5F59AEF7D053}.Debug|Any CPU.Build.0 = Debug|Any CPU
		{3F8264CE-0650-4A3B-8A52-5F59AEF7D053}.Release|Any CPU.ActiveCfg = Release|Any CPU
		{3F8264CE-0650-4A3B-8A52-5F59AEF7D053}.Release|Any CPU.Build.0 = Release|Any CPU
	EndGlobalSection
	GlobalSection(SolutionProperties) = preSolution
		HideSolutionNode = FALSE
	EndGlobalSection
EndGlobal
